
Microsoft Visual Studio Solution File, Format Version 12.00
# Visual Studio 14
VisualStudioVersion = 14.0.25420.1
MinimumVisualStudioVersion = 10.0.40219.1
Project("{FAE04EC0-301F-11D3-BF4B-00C04F79EFBC}") = "DemoProject", "DemoProject\DemoProject.csproj", "{20BFD369-169D-4DF2-A5B5-B7CDABE2D12B}"
EndProject
Project("{FAE04EC0-301F-11D3-BF4B-00C04F79EFBC}") = "DemoProject.Web", "DemoProject.Web\DemoProject.Web.csproj", "{FA5FF659-B7BC-4DE4-9FBD-37BCC28109AF}"
EndProject
Global
	GlobalSection(SolutionConfigurationPlatforms) = preSolution
		Debug|Any CPU = Debug|Any CPU
		Release|Any CPU = Release|Any CPU
	EndGlobalSection
	GlobalSection(ProjectConfigurationPlatforms) = postSolution
		{20BFD369-169D-4DF2-A5B5-B7CDABE2D12B}.Debug|Any CPU.ActiveCfg = Debug|Any CPU
		{20BFD369-169D-4DF2-A5B5-B7CDABE2D12B}.Debug|Any CPU.Build.0 = Debug|Any CPU
		{20BFD369-169D-4DF2-A5B5-B7CDABE2D12B}.Release|Any CPU.ActiveCfg = Release|Any CPU
		{20BFD369-169D-4DF2-A5B5-B7CDABE2D12B}.Release|Any CPU.Build.0 = Release|Any CPU
		{FA5FF659-B7BC-4DE4-9FBD-37BCC28109AF}.Debug|Any CPU.ActiveCfg = Debug|Any CPU
		{FA5FF659-B7BC-4DE4-9FBD-37BCC28109AF}.Debug|Any CPU.Build.0 = Debug|Any CPU
		{FA5FF659-B7BC-4DE4-9FBD-37BCC28109AF}.Release|Any CPU.ActiveCfg = Release|Any CPU
		{FA5FF659-B7BC-4DE4-9FBD-37BCC28109AF}.Release|Any CPU.Build.0 = Release|Any CPU
	EndGlobalSection
	GlobalSection(SolutionProperties) = preSolution
		HideSolutionNode = FALSE
	EndGlobalSection
EndGlobal
